
Microsoft Visual Studio Solution File, Format Version 12.00
# Visual Studio Version 17
VisualStudioVersion = 17.7.34018.315
MinimumVisualStudioVersion = 10.0.40219.1
Project("{FAE04EC0-301F-11D3-BF4B-00C04F79EFBC}") = "XBCAD7319_ChariTech_Website", "XBCAD7319_ChariTech_Website\XBCAD7319_ChariTech_Website.csproj", "{1CBADEC6-002A-4E6A-907B-B73916E572B9}"
EndProject
Project("{FAE04EC0-301F-11D3-BF4B-00C04F79EFBC}") = "XBCAD7319_ChariTech_Website.Tests", "XBCAD7319_ChariTech_Website.Tests\XBCAD7319_ChariTech_Website.Tests.csproj", "{6A9ADD94-ED78-4EF7-82B9-74F424ED6DB4}"
EndProject
Global
	GlobalSection(SolutionConfigurationPlatforms) = preSolution
		Debug|Any CPU = Debug|Any CPU
		Release|Any CPU = Release|Any CPU
	EndGlobalSection
	GlobalSection(ProjectConfigurationPlatforms) = postSolution
		{1CBADEC6-002A-4E6A-907B-B73916E572B9}.Debug|Any CPU.ActiveCfg = Debug|Any CPU
		{1CBADEC6-002A-4E6A-907B-B73916E572B9}.Debug|Any CPU.Build.0 = Debug|Any CPU
		{1CBADEC6-002A-4E6A-907B-B73916E572B9}.Release|Any CPU.ActiveCfg = Release|Any CPU
		{1CBADEC6-002A-4E6A-907B-B73916E572B9}.Release|Any CPU.Build.0 = Release|Any CPU
		{6A9ADD94-ED78-4EF7-82B9-74F424ED6DB4}.Debug|Any CPU.ActiveCfg = Debug|Any CPU
		{6A9ADD94-ED78-4EF7-82B9-74F424ED6DB4}.Debug|Any CPU.Build.0 = Debug|Any CPU
		{6A9ADD94-ED78-4EF7-82B9-74F424ED6DB4}.Release|Any CPU.ActiveCfg = Release|Any CPU
		{6A9ADD94-ED78-4EF7-82B9-74F424ED6DB4}.Release|Any CPU.Build.0 = Release|Any CPU
	EndGlobalSection
	GlobalSection(SolutionProperties) = preSolution
		HideSolutionNode = FALSE
	EndGlobalSection
	GlobalSection(ExtensibilityGlobals) = postSolution
		SolutionGuid = {A604C68A-68E2-4869-9381-4BEA5DD03308}
	EndGlobalSection
EndGlobal
